{
  "requires": true,
  "lockfileVersion": 1,
  "dependencies": {
    "uview-ui": {
      "version": "1.8.6",
      "resolved": "https://registry.npmmirror.com/uview-ui/-/uview-ui-1.8.6.tgz",
      "integrity": "sha512-R93WU6htCP2Fpw668ABpF7Y8UqIx66pUKGAwBYLDkbnIldyKWkjtfJzqjFm22tF41ty6FVB+82L+gIL775c5LQ=="
    }
  }
}
